
Microsoft Visual Studio Solution File, Format Version 12.00
# Visual Studio 2013
VisualStudioVersion = 12.0.21005.1
MinimumVisualStudioVersion = 10.0.40219.1
Project("{FAE04EC0-301F-11D3-BF4B-00C04F79EFBC}") = "tuika", "追加\tuika.csproj", "{7A244272-3EC0-47DB-85DE-10B4DFF57F42}"
EndProject
Project("{FAE04EC0-301F-11D3-BF4B-00C04F79EFBC}") = "kouji_ichiran", "工事一覧\kouji_ichiran.csproj", "{B1E89A39-9C23-4B45-9D82-128352CF09A8}"
EndProject
Project("{FAE04EC0-301F-11D3-BF4B-00C04F79EFBC}") = "KKSMCommon", "KKSMCommon\KKSMCommon.csproj", "{8669E8CE-3F61-4BBE-B7DE-884984ABC008}"
EndProject
Project("{FAE04EC0-301F-11D3-BF4B-00C04F79EFBC}") = "syuukei", "集計\syuukei.csproj", "{8B15F554-CAA6-45D4-85B1-B39C45BBEE27}"
EndProject
Project("{FAE04EC0-301F-11D3-BF4B-00C04F79EFBC}") = "ichiran", "一覧\ichiran.csproj", "{E674F9F6-686C-4DB3-85F9-4DD18E6F09A0}"
EndProject
Global
	GlobalSection(SolutionConfigurationPlatforms) = preSolution
		Debug|Any CPU = Debug|Any CPU
		Release|Any CPU = Release|Any CPU
	EndGlobalSection
	GlobalSection(ProjectConfigurationPlatforms) = postSolution
		{7A244272-3EC0-47DB-85DE-10B4DFF57F42}.Debug|Any CPU.ActiveCfg = Debug|Any CPU
		{7A244272-3EC0-47DB-85DE-10B4DFF57F42}.Debug|Any CPU.Build.0 = Debug|Any CPU
		{7A244272-3EC0-47DB-85DE-10B4DFF57F42}.Release|Any CPU.ActiveCfg = Release|Any CPU
		{7A244272-3EC0-47DB-85DE-10B4DFF57F42}.Release|Any CPU.Build.0 = Release|Any CPU
		{B1E89A39-9C23-4B45-9D82-128352CF09A8}.Debug|Any CPU.ActiveCfg = Debug|Any CPU
		{B1E89A39-9C23-4B45-9D82-128352CF09A8}.Debug|Any CPU.Build.0 = Debug|Any CPU
		{B1E89A39-9C23-4B45-9D82-128352CF09A8}.Release|Any CPU.ActiveCfg = Release|Any CPU
		{B1E89A39-9C23-4B45-9D82-128352CF09A8}.Release|Any CPU.Build.0 = Release|Any CPU
		{8669E8CE-3F61-4BBE-B7DE-884984ABC008}.Debug|Any CPU.ActiveCfg = Debug|Any CPU
		{8669E8CE-3F61-4BBE-B7DE-884984ABC008}.Debug|Any CPU.Build.0 = Debug|Any CPU
		{8669E8CE-3F61-4BBE-B7DE-884984ABC008}.Release|Any CPU.ActiveCfg = Release|Any CPU
		{8669E8CE-3F61-4BBE-B7DE-884984ABC008}.Release|Any CPU.Build.0 = Release|Any CPU
		{8B15F554-CAA6-45D4-85B1-B39C45BBEE27}.Debug|Any CPU.ActiveCfg = Debug|Any CPU
		{8B15F554-CAA6-45D4-85B1-B39C45BBEE27}.Debug|Any CPU.Build.0 = Debug|Any CPU
		{8B15F554-CAA6-45D4-85B1-B39C45BBEE27}.Release|Any CPU.ActiveCfg = Release|Any CPU
		{8B15F554-CAA6-45D4-85B1-B39C45BBEE27}.Release|Any CPU.Build.0 = Release|Any CPU
		{E674F9F6-686C-4DB3-85F9-4DD18E6F09A0}.Debug|Any CPU.ActiveCfg = Debug|Any CPU
		{E674F9F6-686C-4DB3-85F9-4DD18E6F09A0}.Debug|Any CPU.Build.0 = Debug|Any CPU
		{E674F9F6-686C-4DB3-85F9-4DD18E6F09A0}.Release|Any CPU.ActiveCfg = Release|Any CPU
		{E674F9F6-686C-4DB3-85F9-4DD18E6F09A0}.Release|Any CPU.Build.0 = Release|Any CPU
	EndGlobalSection
	GlobalSection(SolutionProperties) = preSolution
		HideSolutionNode = FALSE
	EndGlobalSection
EndGlobal
